
Microsoft Visual Studio Solution File, Format Version 12.00
# Visual Studio Version 18
VisualStudioVersion = 18.0.11205.157
MinimumVisualStudioVersion = 10.0.40219.1
Project("{2150E333-8FDC-42A3-9474-1A3956D46DE8}") = "Basic", "Basic", "{37DA8C9A-3A42-4950-A632-2BC9B9ADBE37}"
EndProject
Project("{2150E333-8FDC-42A3-9474-1A3956D46DE8}") = "Intermediate", "Intermediate", "{09995DF8-D7B3-4FEA-A187-A609D8C4F01C}"
EndProject
Project("{FAE04EC0-301F-11D3-BF4B-00C04F79EFBC}") = "AverageOfArray", "Basic\AverageOfArray\AverageOfArray.csproj", "{65A1073F-513B-44D9-943B-6623B7C93309}"
EndProject
Project("{FAE04EC0-301F-11D3-BF4B-00C04F79EFBC}") = "Count_Even_Odd_In_Array", "Basic\Count_Even_Odd_In_Array\Count_Even_Odd_In_Array.csproj", "{2272750D-7190-414A-B174-DDFD753D557B}"
EndProject
Project("{FAE04EC0-301F-11D3-BF4B-00C04F79EFBC}") = "DifferenceBetweenMaxAndMin", "Basic\DifferenceBetweenMaxAndMin\DifferenceBetweenMaxAndMin.csproj", "{CF7961F4-62B0-47E7-A3EF-2AD6B7C51434}"
EndProject
Project("{FAE04EC0-301F-11D3-BF4B-00C04F79EFBC}") = "Frequency_Of_Number", "Basic\Frequency_Of_Number\Frequency_Of_Number.csproj", "{65A10B2B-CFF8-44EE-882C-35625B9F7684}"
EndProject
Project("{FAE04EC0-301F-11D3-BF4B-00C04F79EFBC}") = "LargestNumberInArray", "Basic\LargestNumberInArray\LargestNumberInArray.csproj", "{2437814F-B4C8-490E-A296-5E61BC726273}"
EndProject
Project("{FAE04EC0-301F-11D3-BF4B-00C04F79EFBC}") = "LenghtOfArray", "Basic\LenghtOfArray\LenghtOfArray.csproj", "{894DF1E6-01B0-49B0-8B60-33F16AE4E205}"
EndProject
Project("{FAE04EC0-301F-11D3-BF4B-00C04F79EFBC}") = "ReverseArray", "Basic\ReverseArray\ReverseArray.csproj", "{2723DF6E-043F-4FAE-9732-CE18D7BDE33B}"
EndProject
Project("{FAE04EC0-301F-11D3-BF4B-00C04F79EFBC}") = "SecondLargestNumberInArray", "Basic\SecondLargestNumberInArray\SecondLargestNumberInArray.csproj", "{8CC1C6B7-7FB2-4E08-B948-23BC00526C57}"
EndProject
Project("{FAE04EC0-301F-11D3-BF4B-00C04F79EFBC}") = "SecondSmallestNumbetInArray", "Basic\SecondSmallestNumbetInArray\SecondSmallestNumbetInArray.csproj", "{30BF530A-1844-4969-AA43-04D88D28E00B}"
EndProject
Project("{FAE04EC0-301F-11D3-BF4B-00C04F79EFBC}") = "SmallestNumberInArray", "Basic\SmallestNumberInArray\SmallestNumberInArray.csproj", "{0CAE1BC9-B2A0-49BC-8FEA-E77A6491B9DB}"
EndProject
Project("{FAE04EC0-301F-11D3-BF4B-00C04F79EFBC}") = "SumOfArray", "Basic\SumOfArray\SumOfArray.csproj", "{C88DF967-3F5E-4680-90E3-6E75E54791F0}"
EndProject
Project("{FAE04EC0-301F-11D3-BF4B-00C04F79EFBC}") = "DuplicateElementsInArray", "Intermediate\DuplicateElementsInArray\DuplicateElementsInArray.csproj", "{C04A477B-2CA0-40C2-AFB6-54C0D24E4FF6}"
EndProject
Project("{FAE04EC0-301F-11D3-BF4B-00C04F79EFBC}") = "Merge2SortedArray", "Intermediate\Merge2SortedArray\Merge2SortedArray.csproj", "{FDF60C78-1FB8-4776-98C0-FD3286DAF4AD}"
EndProject
Project("{FAE04EC0-301F-11D3-BF4B-00C04F79EFBC}") = "RemoveDuplicates", "Intermediate\RemoveDuplicates\RemoveDuplicates.csproj", "{E4DAA399-5421-4313-B06A-05FD7132339E}"
EndProject
Project("{FAE04EC0-301F-11D3-BF4B-00C04F79EFBC}") = "Rotate_Array_Left_Or_Right_By_K_Steps", "Intermediate\Rotate_Array_Left_Or_Right_By_K_Steps\Rotate_Array_Left_Or_Right_By_K_Steps.csproj", "{0F2C85B4-0C68-489E-88D1-917EF4825BC6}"
EndProject
Project("{FAE04EC0-301F-11D3-BF4B-00C04F79EFBC}") = "UniqueElementsInArray", "Intermediate\UniqueElementsInArray\UniqueElementsInArray.csproj", "{C968A439-F304-4CB3-8B9E-F78F82B20708}"
EndProject
Project("{2150E333-8FDC-42A3-9474-1A3956D46DE8}") = "Principles", "Principles", "{16C73AAF-C1AC-4848-B4A1-40212D16B234}"
EndProject
Project("{2150E333-8FDC-42A3-9474-1A3956D46DE8}") = "SOLID", "SOLID", "{E82DD1AB-9462-4431-8B6D-4AE6CBEF72EE}"
EndProject
Project("{FAE04EC0-301F-11D3-BF4B-00C04F79EFBC}") = "SRP", "Principles\SOLID\SRP\SRP.csproj", "{56044456-8BFD-BABE-7099-A21536F36AF2}"
EndProject
Project("{FAE04EC0-301F-11D3-BF4B-00C04F79EFBC}") = "OCP", "Principles\SOLID\OCP\OCP.csproj", "{020B49EC-C5E4-C595-A2AC-21CDDB42186F}"
EndProject
Project("{FAE04EC0-301F-11D3-BF4B-00C04F79EFBC}") = "LSP", "Principles\SOLID\LSP\LSP.csproj", "{52D7C242-5A22-1331-FDE0-37CB68B3EEA3}"
EndProject
Project("{FAE04EC0-301F-11D3-BF4B-00C04F79EFBC}") = "ISP", "Principles\SOLID\ISP\ISP.csproj", "{6DB1E86B-10A8-EBEB-DDE0-4F218D546CA6}"
EndProject
Global
	GlobalSection(SolutionConfigurationPlatforms) = preSolution
		Debug|Any CPU = Debug|Any CPU
		Release|Any CPU = Release|Any CPU
	EndGlobalSection
	GlobalSection(ProjectConfigurationPlatforms) = postSolution
		{65A1073F-513B-44D9-943B-6623B7C93309}.Debug|Any CPU.ActiveCfg = Debug|Any CPU
		{65A1073F-513B-44D9-943B-6623B7C93309}.Debug|Any CPU.Build.0 = Debug|Any CPU
		{65A1073F-513B-44D9-943B-6623B7C93309}.Release|Any CPU.ActiveCfg = Release|Any CPU
		{65A1073F-513B-44D9-943B-6623B7C93309}.Release|Any CPU.Build.0 = Release|Any CPU
		{2272750D-7190-414A-B174-DDFD753D557B}.Debug|Any CPU.ActiveCfg = Debug|Any CPU
		{2272750D-7190-414A-B174-DDFD753D557B}.Debug|Any CPU.Build.0 = Debug|Any CPU
		{2272750D-7190-414A-B174-DDFD753D557B}.Release|Any CPU.ActiveCfg = Release|Any CPU
		{2272750D-7190-414A-B174-DDFD753D557B}.Release|Any CPU.Build.0 = Release|Any CPU
		{CF7961F4-62B0-47E7-A3EF-2AD6B7C51434}.Debug|Any CPU.ActiveCfg = Debug|Any CPU
		{CF7961F4-62B0-47E7-A3EF-2AD6B7C51434}.Debug|Any CPU.Build.0 = Debug|Any CPU
		{CF7961F4-62B0-47E7-A3EF-2AD6B7C51434}.Release|Any CPU.ActiveCfg = Release|Any CPU
		{CF7961F4-62B0-47E7-A3EF-2AD6B7C51434}.Release|Any CPU.Build.0 = Release|Any CPU
		{65A10B2B-CFF8-44EE-882C-35625B9F7684}.Debug|Any CPU.ActiveCfg = Debug|Any CPU
		{65A10B2B-CFF8-44EE-882C-35625B9F7684}.Debug|Any CPU.Build.0 = Debug|Any CPU
		{65A10B2B-CFF8-44EE-882C-35625B9F7684}.Release|Any CPU.ActiveCfg = Release|Any CPU
		{65A10B2B-CFF8-44EE-882C-35625B9F7684}.Release|Any CPU.Build.0 = Release|Any CPU
		{2437814F-B4C8-490E-A296-5E61BC726273}.Debug|Any CPU.ActiveCfg = Debug|Any CPU
		{2437814F-B4C8-490E-A296-5E61BC726273}.Debug|Any CPU.Build.0 = Debug|Any CPU
		{2437814F-B4C8-490E-A296-5E61BC726273}.Release|Any CPU.ActiveCfg = Release|Any CPU
		{2437814F-B4C8-490E-A296-5E61BC726273}.Release|Any CPU.Build.0 = Release|Any CPU
		{894DF1E6-01B0-49B0-8B60-33F16AE4E205}.Debug|Any CPU.ActiveCfg = Debug|Any CPU
		{894DF1E6-01B0-49B0-8B60-33F16AE4E205}.Debug|Any CPU.Build.0 = Debug|Any CPU
		{894DF1E6-01B0-49B0-8B60-33F16AE4E205}.Release|Any CPU.ActiveCfg = Release|Any CPU
		{894DF1E6-01B0-49B0-8B60-33F16AE4E205}.Release|Any CPU.Build.0 = Release|Any CPU
		{2723DF6E-043F-4FAE-9732-CE18D7BDE33B}.Debug|Any CPU.ActiveCfg = Debug|Any CPU
		{2723DF6E-043F-4FAE-9732-CE18D7BDE33B}.Debug|Any CPU.Build.0 = Debug|Any CPU
		{2723DF6E-043F-4FAE-9732-CE18D7BDE33B}.Release|Any CPU.ActiveCfg = Release|Any CPU
		{2723DF6E-043F-4FAE-9732-CE18D7BDE33B}.Release|Any CPU.Build.0 = Release|Any CPU
		{8CC1C6B7-7FB2-4E08-B948-23BC00526C57}.Debug|Any CPU.ActiveCfg = Debug|Any CPU
		{8CC1C6B7-7FB2-4E08-B948-23BC00526C57}.Debug|Any CPU.Build.0 = Debug|Any CPU
		{8CC1C6B7-7FB2-4E08-B948-23BC00526C57}.Release|Any CPU.ActiveCfg = Release|Any CPU
		{8CC1C6B7-7FB2-4E08-B948-23BC00526C57}.Release|Any CPU.Build.0 = Release|Any CPU
		{30BF530A-1844-4969-AA43-04D88D28E00B}.Debug|Any CPU.ActiveCfg = Debug|Any CPU
		{30BF530A-1844-4969-AA43-04D88D28E00B}.Debug|Any CPU.Build.0 = Debug|Any CPU
		{30BF530A-1844-4969-AA43-04D88D28E00B}.Release|Any CPU.ActiveCfg = Release|Any CPU
		{30BF530A-1844-4969-AA43-04D88D28E00B}.Release|Any CPU.Build.0 = Release|Any CPU
		{0CAE1BC9-B2A0-49BC-8FEA-E77A6491B9DB}.Debug|Any CPU.ActiveCfg = Debug|Any CPU
		{0CAE1BC9-B2A0-49BC-8FEA-E77A6491B9DB}.Debug|Any CPU.Build.0 = Debug|Any CPU
		{0CAE1BC9-B2A0-49BC-8FEA-E77A6491B9DB}.Release|Any CPU.ActiveCfg = Release|Any CPU
		{0CAE1BC9-B2A0-49BC-8FEA-E77A6491B9DB}.Release|Any CPU.Build.0 = Release|Any CPU
		{C88DF967-3F5E-4680-90E3-6E75E54791F0}.Debug|Any CPU.ActiveCfg = Debug|Any CPU
		{C88DF967-3F5E-4680-90E3-6E75E54791F0}.Debug|Any CPU.Build.0 = Debug|Any CPU
		{C88DF967-3F5E-4680-90E3-6E75E54791F0}.Release|Any CPU.ActiveCfg = Release|Any CPU
		{C88DF967-3F5E-4680-90E3-6E75E54791F0}.Release|Any CPU.Build.0 = Release|Any CPU
		{C04A477B-2CA0-40C2-AFB6-54C0D24E4FF6}.Debug|Any CPU.ActiveCfg = Debug|Any CPU
		{C04A477B-2CA0-40C2-AFB6-54C0D24E4FF6}.Debug|Any CPU.Build.0 = Debug|Any CPU
		{C04A477B-2CA0-40C2-AFB6-54C0D24E4FF6}.Release|Any CPU.ActiveCfg = Release|Any CPU
		{C04A477B-2CA0-40C2-AFB6-54C0D24E4FF6}.Release|Any CPU.Build.0 = Release|Any CPU
		{FDF60C78-1FB8-4776-98C0-FD3286DAF4AD}.Debug|Any CPU.ActiveCfg = Debug|Any CPU
		{FDF60C78-1FB8-4776-98C0-FD3286DAF4AD}.Debug|Any CPU.Build.0 = Debug|Any CPU
		{FDF60C78-1FB8-4776-98C0-FD3286DAF4AD}.Release|Any CPU.ActiveCfg = Release|Any CPU
		{FDF60C78-1FB8-4776-98C0-FD3286DAF4AD}.Release|Any CPU.Build.0 = Release|Any CPU
		{E4DAA399-5421-4313-B06A-05FD7132339E}.Debug|Any CPU.ActiveCfg = Debug|Any CPU
		{E4DAA399-5421-4313-B06A-05FD7132339E}.Debug|Any CPU.Build.0 = Debug|Any CPU
		{E4DAA399-5421-4313-B06A-05FD7132339E}.Release|Any CPU.ActiveCfg = Release|Any CPU
		{E4DAA399-5421-4313-B06A-05FD7132339E}.Release|Any CPU.Build.0 = Release|Any CPU
		{0F2C85B4-0C68-489E-88D1-917EF4825BC6}.Debug|Any CPU.ActiveCfg = Debug|Any CPU
		{0F2C85B4-0C68-489E-88D1-917EF4825BC6}.Debug|Any CPU.Build.0 = Debug|Any CPU
		{0F2C85B4-0C68-489E-88D1-917EF4825BC6}.Release|Any CPU.ActiveCfg = Release|Any CPU
		{0F2C85B4-0C68-489E-88D1-917EF4825BC6}.Release|Any CPU.Build.0 = Release|Any CPU
		{C968A439-F304-4CB3-8B9E-F78F82B20708}.Debug|Any CPU.ActiveCfg = Debug|Any CPU
		{C968A439-F304-4CB3-8B9E-F78F82B20708}.Debug|Any CPU.Build.0 = Debug|Any CPU
		{C968A439-F304-4CB3-8B9E-F78F82B20708}.Release|Any CPU.ActiveCfg = Release|Any CPU
		{C968A439-F304-4CB3-8B9E-F78F82B20708}.Release|Any CPU.Build.0 = Release|Any CPU
		{56044456-8BFD-BABE-7099-A21536F36AF2}.Debug|Any CPU.ActiveCfg = Debug|Any CPU
		{56044456-8BFD-BABE-7099-A21536F36AF2}.Debug|Any CPU.Build.0 = Debug|Any CPU
		{56044456-8BFD-BABE-7099-A21536F36AF2}.Release|Any CPU.ActiveCfg = Release|Any CPU
		{56044456-8BFD-BABE-7099-A21536F36AF2}.Release|Any CPU.Build.0 = Release|Any CPU
		{020B49EC-C5E4-C595-A2AC-21CDDB42186F}.Debug|Any CPU.ActiveCfg = Debug|Any CPU
		{020B49EC-C5E4-C595-A2AC-21CDDB42186F}.Debug|Any CPU.Build.0 = Debug|Any CPU
		{020B49EC-C5E4-C595-A2AC-21CDDB42186F}.Release|Any CPU.ActiveCfg = Release|Any CPU
		{020B49EC-C5E4-C595-A2AC-21CDDB42186F}.Release|Any CPU.Build.0 = Release|Any CPU
		{52D7C242-5A22-1331-FDE0-37CB68B3EEA3}.Debug|Any CPU.ActiveCfg = Debug|Any CPU
		{52D7C242-5A22-1331-FDE0-37CB68B3EEA3}.Debug|Any CPU.Build.0 = Debug|Any CPU
		{52D7C242-5A22-1331-FDE0-37CB68B3EEA3}.Release|Any CPU.ActiveCfg = Release|Any CPU
		{52D7C242-5A22-1331-FDE0-37CB68B3EEA3}.Release|Any CPU.Build.0 = Release|Any CPU
		{6DB1E86B-10A8-EBEB-DDE0-4F218D546CA6}.Debug|Any CPU.ActiveCfg = Debug|Any CPU
		{6DB1E86B-10A8-EBEB-DDE0-4F218D546CA6}.Debug|Any CPU.Build.0 = Debug|Any CPU
		{6DB1E86B-10A8-EBEB-DDE0-4F218D546CA6}.Release|Any CPU.ActiveCfg = Release|Any CPU
		{6DB1E86B-10A8-EBEB-DDE0-4F218D546CA6}.Release|Any CPU.Build.0 = Release|Any CPU
	EndGlobalSection
	GlobalSection(SolutionProperties) = preSolution
		HideSolutionNode = FALSE
	EndGlobalSection
	GlobalSection(NestedProjects) = preSolution
		{65A1073F-513B-44D9-943B-6623B7C93309} = {37DA8C9A-3A42-4950-A632-2BC9B9ADBE37}
		{2272750D-7190-414A-B174-DDFD753D557B} = {37DA8C9A-3A42-4950-A632-2BC9B9ADBE37}
		{CF7961F4-62B0-47E7-A3EF-2AD6B7C51434} = {37DA8C9A-3A42-4950-A632-2BC9B9ADBE37}
		{65A10B2B-CFF8-44EE-882C-35625B9F7684} = {37DA8C9A-3A42-4950-A632-2BC9B9ADBE37}
		{2437814F-B4C8-490E-A296-5E61BC726273} = {37DA8C9A-3A42-4950-A632-2BC9B9ADBE37}
		{894DF1E6-01B0-49B0-8B60-33F16AE4E205} = {37DA8C9A-3A42-4950-A632-2BC9B9ADBE37}
		{2723DF6E-043F-4FAE-9732-CE18D7BDE33B} = {37DA8C9A-3A42-4950-A632-2BC9B9ADBE37}
		{8CC1C6B7-7FB2-4E08-B948-23BC00526C57} = {37DA8C9A-3A42-4950-A632-2BC9B9ADBE37}
		{30BF530A-1844-4969-AA43-04D88D28E00B} = {37DA8C9A-3A42-4950-A632-2BC9B9ADBE37}
		{0CAE1BC9-B2A0-49BC-8FEA-E77A6491B9DB} = {37DA8C9A-3A42-4950-A632-2BC9B9ADBE37}
		{C88DF967-3F5E-4680-90E3-6E75E54791F0} = {37DA8C9A-3A42-4950-A632-2BC9B9ADBE37}
		{C04A477B-2CA0-40C2-AFB6-54C0D24E4FF6} = {09995DF8-D7B3-4FEA-A187-A609D8C4F01C}
		{FDF60C78-1FB8-4776-98C0-FD3286DAF4AD} = {09995DF8-D7B3-4FEA-A187-A609D8C4F01C}
		{E4DAA399-5421-4313-B06A-05FD7132339E} = {09995DF8-D7B3-4FEA-A187-A609D8C4F01C}
		{0F2C85B4-0C68-489E-88D1-917EF4825BC6} = {09995DF8-D7B3-4FEA-A187-A609D8C4F01C}
		{C968A439-F304-4CB3-8B9E-F78F82B20708} = {09995DF8-D7B3-4FEA-A187-A609D8C4F01C}
		{E82DD1AB-9462-4431-8B6D-4AE6CBEF72EE} = {16C73AAF-C1AC-4848-B4A1-40212D16B234}
		{56044456-8BFD-BABE-7099-A21536F36AF2} = {E82DD1AB-9462-4431-8B6D-4AE6CBEF72EE}
		{020B49EC-C5E4-C595-A2AC-21CDDB42186F} = {E82DD1AB-9462-4431-8B6D-4AE6CBEF72EE}
		{52D7C242-5A22-1331-FDE0-37CB68B3EEA3} = {E82DD1AB-9462-4431-8B6D-4AE6CBEF72EE}
		{6DB1E86B-10A8-EBEB-DDE0-4F218D546CA6} = {E82DD1AB-9462-4431-8B6D-4AE6CBEF72EE}
	EndGlobalSection
	GlobalSection(ExtensibilityGlobals) = postSolution
		SolutionGuid = {F24E65EB-9041-4DA2-BDD1-50A9AAC23A87}
	EndGlobalSection
EndGlobal
